
Microsoft Visual Studio Solution File, Format Version 12.00
# Visual Studio Version 17
VisualStudioVersion = 17.6.33723.286
MinimumVisualStudioVersion = 10.0.40219.1
Project("{FAE04EC0-301F-11D3-BF4B-00C04F79EFBC}") = "WinFormsApp2", "WinFormsApp2\WinFormsApp2.csproj", "{2B6E0FC0-A851-4536-91EA-E92A24596CF4}"
EndProject
Global
	GlobalSection(SolutionConfigurationPlatforms) = preSolution
		Debug|Any CPU = Debug|Any CPU
		Release|Any CPU = Release|Any CPU
	EndGlobalSection
	GlobalSection(ProjectConfigurationPlatforms) = postSolution
		{2B6E0FC0-A851-4536-91EA-E92A24596CF4}.Debug|Any CPU.ActiveCfg = Debug|Any CPU
		{2B6E0FC0-A851-4536-91EA-E92A24596CF4}.Debug|Any CPU.Build.0 = Debug|Any CPU
		{2B6E0FC0-A851-4536-91EA-E92A24596CF4}.Release|Any CPU.ActiveCfg = Release|Any CPU
		{2B6E0FC0-A851-4536-91EA-E92A24596CF4}.Release|Any CPU.Build.0 = Release|Any CPU
	EndGlobalSection
	GlobalSection(SolutionProperties) = preSolution
		HideSolutionNode = FALSE
	EndGlobalSection
	GlobalSection(ExtensibilityGlobals) = postSolution
		SolutionGuid = {D3451929-82CB-4A07-B969-ADE1A3F73B5B}
	EndGlobalSection
EndGlobal
